
Microsoft Visual Studio Solution File, Format Version 12.00
# Visual Studio 15
VisualStudioVersion = 15.0.25807.0
MinimumVisualStudioVersion = 10.0.40219.1
Project("{2150E333-8FDC-42A3-9474-1A3956D46DE8}") = "Engine", "Engine", "{3E5B747F-135A-4854-927B-1B476B7A7B07}"
EndProject
Project("{2150E333-8FDC-42A3-9474-1A3956D46DE8}") = "Games", "Games", "{F8EDCD24-8568-48E9-9C05-861F20A90E05}"
EndProject
Project("{8BC9CEB8-8B4A-11D0-8D11-00A0C91BC942}") = "UE4", "Intermediate\ProjectFiles\UE4.vcxproj", "{5059F81D-D573-448A-9F2D-178AF95DF978}"
EndProject
Project("{8BC9CEB8-8B4A-11D0-8D11-00A0C91BC942}") = "BuildingEscape", "Intermediate\ProjectFiles\BuildingEscape.vcxproj", "{4849384F-ACE3-41AB-8197-798C23B57470}"
EndProject
Project("{2150E333-8FDC-42A3-9474-1A3956D46DE8}") = "Visualizers", "Visualizers", "{31435ACD-16C7-454F-88B2-935C103777D3}"
	ProjectSection(SolutionItems) = preProject
		C:\Program Files\Epic Games\UE_4.22\Engine\Extras\VisualStudioDebugging\UE4.natvis = C:\Program Files\Epic Games\UE_4.22\Engine\Extras\VisualStudioDebugging\UE4.natvis
	EndProjectSection
EndProject
Global
	GlobalSection(SolutionConfigurationPlatforms) = preSolution
		DebugGame Editor|Android = DebugGame Editor|Android
		DebugGame Editor|HTML5 = DebugGame Editor|HTML5
		DebugGame Editor|Win32 = DebugGame Editor|Win32
		DebugGame Editor|Win64 = DebugGame Editor|Win64
		DebugGame|Android = DebugGame|Android
		DebugGame|HTML5 = DebugGame|HTML5
		DebugGame|Win32 = DebugGame|Win32
		DebugGame|Win64 = DebugGame|Win64
		Development Editor|Android = Development Editor|Android
		Development Editor|HTML5 = Development Editor|HTML5
		Development Editor|Win32 = Development Editor|Win32
		Development Editor|Win64 = Development Editor|Win64
		Development|Android = Development|Android
		Development|HTML5 = Development|HTML5
		Development|Win32 = Development|Win32
		Development|Win64 = Development|Win64
		Shipping|Android = Shipping|Android
		Shipping|HTML5 = Shipping|HTML5
		Shipping|Win32 = Shipping|Win32
		Shipping|Win64 = Shipping|Win64
	EndGlobalSection
	GlobalSection(ProjectConfigurationPlatforms) = postSolution
		{5059F81D-D573-448A-9F2D-178AF95DF978}.DebugGame Editor|Android.ActiveCfg = BuiltWithUnrealBuildTool|Win32
		{5059F81D-D573-448A-9F2D-178AF95DF978}.DebugGame Editor|HTML5.ActiveCfg = BuiltWithUnrealBuildTool|Win32
		{5059F81D-D573-448A-9F2D-178AF95DF978}.DebugGame Editor|Win32.ActiveCfg = BuiltWithUnrealBuildTool|Win32
		{5059F81D-D573-448A-9F2D-178AF95DF978}.DebugGame Editor|Win64.ActiveCfg = BuiltWithUnrealBuildTool|Win32
		{5059F81D-D573-448A-9F2D-178AF95DF978}.DebugGame|Android.ActiveCfg = BuiltWithUnrealBuildTool|Win32
		{5059F81D-D573-448A-9F2D-178AF95DF978}.DebugGame|HTML5.ActiveCfg = BuiltWithUnrealBuildTool|Win32
		{5059F81D-D573-448A-9F2D-178AF95DF978}.DebugGame|Win32.ActiveCfg = BuiltWithUnrealBuildTool|Win32
		{5059F81D-D573-448A-9F2D-178AF95DF978}.DebugGame|Win64.ActiveCfg = BuiltWithUnrealBuildTool|Win32
		{5059F81D-D573-448A-9F2D-178AF95DF978}.Development Editor|Android.ActiveCfg = BuiltWithUnrealBuildTool|Win32
		{5059F81D-D573-448A-9F2D-178AF95DF978}.Development Editor|HTML5.ActiveCfg = BuiltWithUnrealBuildTool|Win32
		{5059F81D-D573-448A-9F2D-178AF95DF978}.Development Editor|Win32.ActiveCfg = BuiltWithUnrealBuildTool|Win32
		{5059F81D-D573-448A-9F2D-178AF95DF978}.Development Editor|Win64.ActiveCfg = BuiltWithUnrealBuildTool|Win32
		{5059F81D-D573-448A-9F2D-178AF95DF978}.Development|Android.ActiveCfg = BuiltWithUnrealBuildTool|Win32
		{5059F81D-D573-448A-9F2D-178AF95DF978}.Development|HTML5.ActiveCfg = BuiltWithUnrealBuildTool|Win32
		{5059F81D-D573-448A-9F2D-178AF95DF978}.Development|Win32.ActiveCfg = BuiltWithUnrealBuildTool|Win32
		{5059F81D-D573-448A-9F2D-178AF95DF978}.Development|Win64.ActiveCfg = BuiltWithUnrealBuildTool|Win32
		{5059F81D-D573-448A-9F2D-178AF95DF978}.Shipping|Android.ActiveCfg = BuiltWithUnrealBuildTool|Win32
		{5059F81D-D573-448A-9F2D-178AF95DF978}.Shipping|HTML5.ActiveCfg = BuiltWithUnrealBuildTool|Win32
		{5059F81D-D573-448A-9F2D-178AF95DF978}.Shipping|Win32.ActiveCfg = BuiltWithUnrealBuildTool|Win32
		{5059F81D-D573-448A-9F2D-178AF95DF978}.Shipping|Win64.ActiveCfg = BuiltWithUnrealBuildTool|Win32
		{4849384F-ACE3-41AB-8197-798C23B57470}.DebugGame Editor|Android.ActiveCfg = Invalid|Win32
		{4849384F-ACE3-41AB-8197-798C23B57470}.DebugGame Editor|HTML5.ActiveCfg = Invalid|Win32
		{4849384F-ACE3-41AB-8197-798C23B57470}.DebugGame Editor|Win32.ActiveCfg = Invalid|Win32
		{4849384F-ACE3-41AB-8197-798C23B57470}.DebugGame Editor|Win64.ActiveCfg = DebugGame_Editor|x64
		{4849384F-ACE3-41AB-8197-798C23B57470}.DebugGame Editor|Win64.Build.0 = DebugGame_Editor|x64
		{4849384F-ACE3-41AB-8197-798C23B57470}.DebugGame|Android.ActiveCfg = Android_DebugGame|Win32
		{4849384F-ACE3-41AB-8197-798C23B57470}.DebugGame|Android.Build.0 = Android_DebugGame|Win32
		{4849384F-ACE3-41AB-8197-798C23B57470}.DebugGame|HTML5.ActiveCfg = HTML5_DebugGame|Win32
		{4849384F-ACE3-41AB-8197-798C23B57470}.DebugGame|HTML5.Build.0 = HTML5_DebugGame|Win32
		{4849384F-ACE3-41AB-8197-798C23B57470}.DebugGame|Win32.ActiveCfg = DebugGame|Win32
		{4849384F-ACE3-41AB-8197-798C23B57470}.DebugGame|Win32.Build.0 = DebugGame|Win32
		{4849384F-ACE3-41AB-8197-798C23B57470}.DebugGame|Win64.ActiveCfg = DebugGame|x64
		{4849384F-ACE3-41AB-8197-798C23B57470}.DebugGame|Win64.Build.0 = DebugGame|x64
		{4849384F-ACE3-41AB-8197-798C23B57470}.Development Editor|Android.ActiveCfg = Invalid|Win32
		{4849384F-ACE3-41AB-8197-798C23B57470}.Development Editor|HTML5.ActiveCfg = Invalid|Win32
		{4849384F-ACE3-41AB-8197-798C23B57470}.Development Editor|Win32.ActiveCfg = Invalid|Win32
		{4849384F-ACE3-41AB-8197-798C23B57470}.Development Editor|Win64.ActiveCfg = Development_Editor|x64
		{4849384F-ACE3-41AB-8197-798C23B57470}.Development Editor|Win64.Build.0 = Development_Editor|x64
		{4849384F-ACE3-41AB-8197-798C23B57470}.Development|Android.ActiveCfg = Android_Development|Win32
		{4849384F-ACE3-41AB-8197-798C23B57470}.Development|Android.Build.0 = Android_Development|Win32
		{4849384F-ACE3-41AB-8197-798C23B57470}.Development|HTML5.ActiveCfg = HTML5_Development|Win32
		{4849384F-ACE3-41AB-8197-798C23B57470}.Development|HTML5.Build.0 = HTML5_Development|Win32
		{4849384F-ACE3-41AB-8197-798C23B57470}.Development|Win32.ActiveCfg = Development|Win32
		{4849384F-ACE3-41AB-8197-798C23B57470}.Development|Win32.Build.0 = Development|Win32
		{4849384F-ACE3-41AB-8197-798C23B57470}.Development|Win64.ActiveCfg = Development|x64
		{4849384F-ACE3-41AB-8197-798C23B57470}.Development|Win64.Build.0 = Development|x64
		{4849384F-ACE3-41AB-8197-798C23B57470}.Shipping|Android.ActiveCfg = Android_Shipping|Win32
		{4849384F-ACE3-41AB-8197-798C23B57470}.Shipping|Android.Build.0 = Android_Shipping|Win32
		{4849384F-ACE3-41AB-8197-798C23B57470}.Shipping|HTML5.ActiveCfg = HTML5_Shipping|Win32
		{4849384F-ACE3-41AB-8197-798C23B57470}.Shipping|HTML5.Build.0 = HTML5_Shipping|Win32
		{4849384F-ACE3-41AB-8197-798C23B57470}.Shipping|Win32.ActiveCfg = Shipping|Win32
		{4849384F-ACE3-41AB-8197-798C23B57470}.Shipping|Win32.Build.0 = Shipping|Win32
		{4849384F-ACE3-41AB-8197-798C23B57470}.Shipping|Win64.ActiveCfg = Shipping|x64
		{4849384F-ACE3-41AB-8197-798C23B57470}.Shipping|Win64.Build.0 = Shipping|x64
	EndGlobalSection
	GlobalSection(SolutionProperties) = preSolution
		HideSolutionNode = FALSE
	EndGlobalSection
	GlobalSection(NestedProjects) = preSolution
		{5059F81D-D573-448A-9F2D-178AF95DF978} = {3E5B747F-135A-4854-927B-1B476B7A7B07}
		{4849384F-ACE3-41AB-8197-798C23B57470} = {F8EDCD24-8568-48E9-9C05-861F20A90E05}
	EndGlobalSection
EndGlobal
