
Microsoft Visual Studio Solution File, Format Version 12.00
# Visual Studio 15
VisualStudioVersion = 15.0.25807.0
MinimumVisualStudioVersion = 10.0.40219.1
Project("{2150E333-8FDC-42A3-9474-1A3956D46DE8}") = "Engine", "Engine", "{E306B9AB-8CF4-479B-8E41-3BFA6A54C9A0}"
EndProject
Project("{2150E333-8FDC-42A3-9474-1A3956D46DE8}") = "Games", "Games", "{328A2BF1-DDA1-481A-BDF9-0F06F080D3AB}"
EndProject
Project("{8BC9CEB8-8B4A-11D0-8D11-00A0C91BC942}") = "BuildingEscape", "Intermediate\ProjectFiles\BuildingEscape.vcxproj", "{9EF52905-3E58-417A-B21E-052263ABB5E6}"
EndProject
Project("{8BC9CEB8-8B4A-11D0-8D11-00A0C91BC942}") = "UE4", "Intermediate\ProjectFiles\UE4.vcxproj", "{C9A7DA2D-D37E-4AA7-AD95-2847B6B3642D}"
EndProject
Project("{2150E333-8FDC-42A3-9474-1A3956D46DE8}") = "Visualizers", "Visualizers", "{FD365CF4-8964-443D-8701-F4EE8D7E484E}"
	ProjectSection(SolutionItems) = preProject
		E:\Program Files\UE_4.22\Engine\Extras\VisualStudioDebugging\UE4.natvis = E:\Program Files\UE_4.22\Engine\Extras\VisualStudioDebugging\UE4.natvis
	EndProjectSection
EndProject
Global
	GlobalSection(SolutionConfigurationPlatforms) = preSolution
		DebugGame Editor|HTML5 = DebugGame Editor|HTML5
		DebugGame Editor|Win32 = DebugGame Editor|Win32
		DebugGame Editor|Win64 = DebugGame Editor|Win64
		DebugGame|HTML5 = DebugGame|HTML5
		DebugGame|Win32 = DebugGame|Win32
		DebugGame|Win64 = DebugGame|Win64
		Development Editor|HTML5 = Development Editor|HTML5
		Development Editor|Win32 = Development Editor|Win32
		Development Editor|Win64 = Development Editor|Win64
		Development|HTML5 = Development|HTML5
		Development|Win32 = Development|Win32
		Development|Win64 = Development|Win64
		Shipping|HTML5 = Shipping|HTML5
		Shipping|Win32 = Shipping|Win32
		Shipping|Win64 = Shipping|Win64
	EndGlobalSection
	GlobalSection(ProjectConfigurationPlatforms) = postSolution
		{9EF52905-3E58-417A-B21E-052263ABB5E6}.DebugGame Editor|HTML5.ActiveCfg = Invalid|Win32
		{9EF52905-3E58-417A-B21E-052263ABB5E6}.DebugGame Editor|Win32.ActiveCfg = Invalid|Win32
		{9EF52905-3E58-417A-B21E-052263ABB5E6}.DebugGame Editor|Win64.ActiveCfg = DebugGame_Editor|x64
		{9EF52905-3E58-417A-B21E-052263ABB5E6}.DebugGame Editor|Win64.Build.0 = DebugGame_Editor|x64
		{9EF52905-3E58-417A-B21E-052263ABB5E6}.DebugGame|HTML5.ActiveCfg = HTML5_DebugGame|Win32
		{9EF52905-3E58-417A-B21E-052263ABB5E6}.DebugGame|HTML5.Build.0 = HTML5_DebugGame|Win32
		{9EF52905-3E58-417A-B21E-052263ABB5E6}.DebugGame|Win32.ActiveCfg = DebugGame|Win32
		{9EF52905-3E58-417A-B21E-052263ABB5E6}.DebugGame|Win32.Build.0 = DebugGame|Win32
		{9EF52905-3E58-417A-B21E-052263ABB5E6}.DebugGame|Win64.ActiveCfg = DebugGame|x64
		{9EF52905-3E58-417A-B21E-052263ABB5E6}.DebugGame|Win64.Build.0 = DebugGame|x64
		{9EF52905-3E58-417A-B21E-052263ABB5E6}.Development Editor|HTML5.ActiveCfg = Invalid|Win32
		{9EF52905-3E58-417A-B21E-052263ABB5E6}.Development Editor|Win32.ActiveCfg = Invalid|Win32
		{9EF52905-3E58-417A-B21E-052263ABB5E6}.Development Editor|Win64.ActiveCfg = Development_Editor|x64
		{9EF52905-3E58-417A-B21E-052263ABB5E6}.Development Editor|Win64.Build.0 = Development_Editor|x64
		{9EF52905-3E58-417A-B21E-052263ABB5E6}.Development|HTML5.ActiveCfg = HTML5_Development|Win32
		{9EF52905-3E58-417A-B21E-052263ABB5E6}.Development|HTML5.Build.0 = HTML5_Development|Win32
		{9EF52905-3E58-417A-B21E-052263ABB5E6}.Development|Win32.ActiveCfg = Development|Win32
		{9EF52905-3E58-417A-B21E-052263ABB5E6}.Development|Win32.Build.0 = Development|Win32
		{9EF52905-3E58-417A-B21E-052263ABB5E6}.Development|Win64.ActiveCfg = Development|x64
		{9EF52905-3E58-417A-B21E-052263ABB5E6}.Development|Win64.Build.0 = Development|x64
		{9EF52905-3E58-417A-B21E-052263ABB5E6}.Shipping|HTML5.ActiveCfg = HTML5_Shipping|Win32
		{9EF52905-3E58-417A-B21E-052263ABB5E6}.Shipping|HTML5.Build.0 = HTML5_Shipping|Win32
		{9EF52905-3E58-417A-B21E-052263ABB5E6}.Shipping|Win32.ActiveCfg = Shipping|Win32
		{9EF52905-3E58-417A-B21E-052263ABB5E6}.Shipping|Win32.Build.0 = Shipping|Win32
		{9EF52905-3E58-417A-B21E-052263ABB5E6}.Shipping|Win64.ActiveCfg = Shipping|x64
		{9EF52905-3E58-417A-B21E-052263ABB5E6}.Shipping|Win64.Build.0 = Shipping|x64
		{C9A7DA2D-D37E-4AA7-AD95-2847B6B3642D}.DebugGame Editor|HTML5.ActiveCfg = BuiltWithUnrealBuildTool|Win32
		{C9A7DA2D-D37E-4AA7-AD95-2847B6B3642D}.DebugGame Editor|Win32.ActiveCfg = BuiltWithUnrealBuildTool|Win32
		{C9A7DA2D-D37E-4AA7-AD95-2847B6B3642D}.DebugGame Editor|Win64.ActiveCfg = BuiltWithUnrealBuildTool|Win32
		{C9A7DA2D-D37E-4AA7-AD95-2847B6B3642D}.DebugGame|HTML5.ActiveCfg = BuiltWithUnrealBuildTool|Win32
		{C9A7DA2D-D37E-4AA7-AD95-2847B6B3642D}.DebugGame|Win32.ActiveCfg = BuiltWithUnrealBuildTool|Win32
		{C9A7DA2D-D37E-4AA7-AD95-2847B6B3642D}.DebugGame|Win64.ActiveCfg = BuiltWithUnrealBuildTool|Win32
		{C9A7DA2D-D37E-4AA7-AD95-2847B6B3642D}.Development Editor|HTML5.ActiveCfg = BuiltWithUnrealBuildTool|Win32
		{C9A7DA2D-D37E-4AA7-AD95-2847B6B3642D}.Development Editor|Win32.ActiveCfg = BuiltWithUnrealBuildTool|Win32
		{C9A7DA2D-D37E-4AA7-AD95-2847B6B3642D}.Development Editor|Win64.ActiveCfg = BuiltWithUnrealBuildTool|Win32
		{C9A7DA2D-D37E-4AA7-AD95-2847B6B3642D}.Development|HTML5.ActiveCfg = BuiltWithUnrealBuildTool|Win32
		{C9A7DA2D-D37E-4AA7-AD95-2847B6B3642D}.Development|Win32.ActiveCfg = BuiltWithUnrealBuildTool|Win32
		{C9A7DA2D-D37E-4AA7-AD95-2847B6B3642D}.Development|Win64.ActiveCfg = BuiltWithUnrealBuildTool|Win32
		{C9A7DA2D-D37E-4AA7-AD95-2847B6B3642D}.Shipping|HTML5.ActiveCfg = BuiltWithUnrealBuildTool|Win32
		{C9A7DA2D-D37E-4AA7-AD95-2847B6B3642D}.Shipping|Win32.ActiveCfg = BuiltWithUnrealBuildTool|Win32
		{C9A7DA2D-D37E-4AA7-AD95-2847B6B3642D}.Shipping|Win64.ActiveCfg = BuiltWithUnrealBuildTool|Win32
	EndGlobalSection
	GlobalSection(SolutionProperties) = preSolution
		HideSolutionNode = FALSE
	EndGlobalSection
	GlobalSection(NestedProjects) = preSolution
		{C9A7DA2D-D37E-4AA7-AD95-2847B6B3642D} = {E306B9AB-8CF4-479B-8E41-3BFA6A54C9A0}
		{9EF52905-3E58-417A-B21E-052263ABB5E6} = {328A2BF1-DDA1-481A-BDF9-0F06F080D3AB}
	EndGlobalSection
EndGlobal
